
Microsoft Visual Studio Solution File, Format Version 12.00
# Visual Studio Version 16
VisualStudioVersion = 25.0.1705.4
MinimumVisualStudioVersion = 10.0.40219.1
Project("{FAE04EC0-301F-11D3-BF4B-00C04F79EFBC}") = "lab2", "lab2\lab2.csproj", "{0607F5BB-5DAB-42AA-B05B-BC50A9692A97}"
EndProject
Global
	GlobalSection(SolutionConfigurationPlatforms) = preSolution
		Debug|Any CPU = Debug|Any CPU
		Release|Any CPU = Release|Any CPU
	EndGlobalSection
	GlobalSection(ProjectConfigurationPlatforms) = postSolution
		{0607F5BB-5DAB-42AA-B05B-BC50A9692A97}.Debug|Any CPU.ActiveCfg = Debug|Any CPU
		{0607F5BB-5DAB-42AA-B05B-BC50A9692A97}.Debug|Any CPU.Build.0 = Debug|Any CPU
		{0607F5BB-5DAB-42AA-B05B-BC50A9692A97}.Release|Any CPU.ActiveCfg = Release|Any CPU
		{0607F5BB-5DAB-42AA-B05B-BC50A9692A97}.Release|Any CPU.Build.0 = Release|Any CPU
	EndGlobalSection
	GlobalSection(SolutionProperties) = preSolution
		HideSolutionNode = FALSE
	EndGlobalSection
	GlobalSection(ExtensibilityGlobals) = postSolution
		SolutionGuid = {E1E30A33-1668-4771-A096-3AAC92972B49}
	EndGlobalSection
EndGlobal
